
Microsoft Visual Studio Solution File, Format Version 12.00
# Visual Studio Version 16
VisualStudioVersion = 16.0.32602.291
MinimumVisualStudioVersion = 10.0.40219.1
Project("{FAE04EC0-301F-11D3-BF4B-00C04F79EFBC}") = "StudentLibrary.Core", "StudentLibrary.Core\StudentLibrary.Core.csproj", "{3413806D-9831-4ADD-ADF7-B978EA81C7BE}"
EndProject
Project("{FAE04EC0-301F-11D3-BF4B-00C04F79EFBC}") = "StudentLibrary.Data", "StudentLibrary.Data\StudentLibrary.Data.csproj", "{B99D6525-1C4C-446A-AE87-3E4523462E9A}"
EndProject
Project("{FAE04EC0-301F-11D3-BF4B-00C04F79EFBC}") = "StudentLibrary.Api", "StudentLibrary.Api\StudentLibrary.Api.csproj", "{272C356A-AB82-470A-B47C-7DBFCBC54308}"
EndProject
Project("{FAE04EC0-301F-11D3-BF4B-00C04F79EFBC}") = "StudentLibrary.Service", "StudentLibrary.Service\StudentLibrary.Service.csproj", "{39427293-EEF1-4FD5-AB77-EB48C7B04197}"
EndProject
Global
	GlobalSection(SolutionConfigurationPlatforms) = preSolution
		Debug|Any CPU = Debug|Any CPU
		Release|Any CPU = Release|Any CPU
	EndGlobalSection
	GlobalSection(ProjectConfigurationPlatforms) = postSolution
		{3413806D-9831-4ADD-ADF7-B978EA81C7BE}.Debug|Any CPU.ActiveCfg = Debug|Any CPU
		{3413806D-9831-4ADD-ADF7-B978EA81C7BE}.Debug|Any CPU.Build.0 = Debug|Any CPU
		{3413806D-9831-4ADD-ADF7-B978EA81C7BE}.Release|Any CPU.ActiveCfg = Release|Any CPU
		{3413806D-9831-4ADD-ADF7-B978EA81C7BE}.Release|Any CPU.Build.0 = Release|Any CPU
		{B99D6525-1C4C-446A-AE87-3E4523462E9A}.Debug|Any CPU.ActiveCfg = Debug|Any CPU
		{B99D6525-1C4C-446A-AE87-3E4523462E9A}.Debug|Any CPU.Build.0 = Debug|Any CPU
		{B99D6525-1C4C-446A-AE87-3E4523462E9A}.Release|Any CPU.ActiveCfg = Release|Any CPU
		{B99D6525-1C4C-446A-AE87-3E4523462E9A}.Release|Any CPU.Build.0 = Release|Any CPU
		{272C356A-AB82-470A-B47C-7DBFCBC54308}.Debug|Any CPU.ActiveCfg = Debug|Any CPU
		{272C356A-AB82-470A-B47C-7DBFCBC54308}.Debug|Any CPU.Build.0 = Debug|Any CPU
		{272C356A-AB82-470A-B47C-7DBFCBC54308}.Release|Any CPU.ActiveCfg = Release|Any CPU
		{272C356A-AB82-470A-B47C-7DBFCBC54308}.Release|Any CPU.Build.0 = Release|Any CPU
		{39427293-EEF1-4FD5-AB77-EB48C7B04197}.Debug|Any CPU.ActiveCfg = Debug|Any CPU
		{39427293-EEF1-4FD5-AB77-EB48C7B04197}.Debug|Any CPU.Build.0 = Debug|Any CPU
		{39427293-EEF1-4FD5-AB77-EB48C7B04197}.Release|Any CPU.ActiveCfg = Release|Any CPU
		{39427293-EEF1-4FD5-AB77-EB48C7B04197}.Release|Any CPU.Build.0 = Release|Any CPU
	EndGlobalSection
	GlobalSection(SolutionProperties) = preSolution
		HideSolutionNode = FALSE
	EndGlobalSection
	GlobalSection(ExtensibilityGlobals) = postSolution
		SolutionGuid = {B8B54C13-5494-4ACA-9DF3-298E36D2C4DD}
	EndGlobalSection
EndGlobal
